
Microsoft Visual Studio Solution File, Format Version 12.00
Project("{2150E333-8FDC-42A3-9474-1A3956D46DE8}") = "src", "src", "{21656EE6-9171-4DA9-8F52-A59EA305761C}"
EndProject
Project("{FAE04EC0-301F-11D3-BF4B-00C04F79EFBC}") = "FastSu.Utils", "src\FastSu.Utils\FastSu.Utils.csproj", "{077F5680-BC5E-4E5A-88C0-447B11639F63}"
EndProject
Project("{FAE04EC0-301F-11D3-BF4B-00C04F79EFBC}") = "FastSu.Tests", "src\FastSu.Tests\FastSu.Tests.csproj", "{BEACCC5C-7778-4385-9CEA-3BDE4FB24ADF}"
EndProject
Project("{FAE04EC0-301F-11D3-BF4B-00C04F79EFBC}") = "FastSu.Server", "src\FastSu.Server\FastSu.Server.csproj", "{3A1F69C9-88A7-4B5C-9CE1-6E038B699726}"
EndProject
Project("{FAE04EC0-301F-11D3-BF4B-00C04F79EFBC}") = "FastSu.Logging", "src\FastSu.Logging\FastSu.Logging.csproj", "{43BC1F10-BE68-4CE7-A941-8A9C538C70F7}"
EndProject
Project("{FAE04EC0-301F-11D3-BF4B-00C04F79EFBC}") = "FastSu.GenTools", "src\FastSu.GenTools\FastSu.GenTools.csproj", "{29CB239D-9B0B-4F40-88AD-0869C02453E1}"
EndProject
Project("{FAE04EC0-301F-11D3-BF4B-00C04F79EFBC}") = "FastSu.Core", "src\FastSu.Core\FastSu.Core.csproj", "{0A7E0631-B6DC-4FD9-BD0D-0BB8AA9209FA}"
EndProject
Project("{2150E333-8FDC-42A3-9474-1A3956D46DE8}") = "samples", "samples", "{F3D6E048-9AFA-413D-B20B-B0AF7D218AF8}"
EndProject
Project("{FAE04EC0-301F-11D3-BF4B-00C04F79EFBC}") = "HelloServer", "samples\HelloServer\HelloServer.csproj", "{AF0E6250-181F-46B0-A480-DE0282DF0EFC}"
EndProject
Project("{FAE04EC0-301F-11D3-BF4B-00C04F79EFBC}") = "HelloServer.Model", "samples\HelloServer.Model\HelloServer.Model.csproj", "{B1BAC81B-18B9-41FA-91D9-F9606E149E33}"
EndProject
Project("{FAE04EC0-301F-11D3-BF4B-00C04F79EFBC}") = "HelloServer.Hotfix", "samples\HelloServer.Hotfix\HelloServer.Hotfix.csproj", "{67C2B019-3CC3-4D2C-861B-DC5EE64562CA}"
EndProject
Global
	GlobalSection(SolutionConfigurationPlatforms) = preSolution
		Debug|Any CPU = Debug|Any CPU
		Release|Any CPU = Release|Any CPU
	EndGlobalSection
	GlobalSection(NestedProjects) = preSolution
		{077F5680-BC5E-4E5A-88C0-447B11639F63} = {21656EE6-9171-4DA9-8F52-A59EA305761C}
		{BEACCC5C-7778-4385-9CEA-3BDE4FB24ADF} = {21656EE6-9171-4DA9-8F52-A59EA305761C}
		{3A1F69C9-88A7-4B5C-9CE1-6E038B699726} = {21656EE6-9171-4DA9-8F52-A59EA305761C}
		{43BC1F10-BE68-4CE7-A941-8A9C538C70F7} = {21656EE6-9171-4DA9-8F52-A59EA305761C}
		{29CB239D-9B0B-4F40-88AD-0869C02453E1} = {21656EE6-9171-4DA9-8F52-A59EA305761C}
		{0A7E0631-B6DC-4FD9-BD0D-0BB8AA9209FA} = {21656EE6-9171-4DA9-8F52-A59EA305761C}
		{AF0E6250-181F-46B0-A480-DE0282DF0EFC} = {F3D6E048-9AFA-413D-B20B-B0AF7D218AF8}
		{B1BAC81B-18B9-41FA-91D9-F9606E149E33} = {F3D6E048-9AFA-413D-B20B-B0AF7D218AF8}
		{67C2B019-3CC3-4D2C-861B-DC5EE64562CA} = {F3D6E048-9AFA-413D-B20B-B0AF7D218AF8}
	EndGlobalSection
	GlobalSection(ProjectConfigurationPlatforms) = postSolution
		{077F5680-BC5E-4E5A-88C0-447B11639F63}.Debug|Any CPU.ActiveCfg = Debug|Any CPU
		{077F5680-BC5E-4E5A-88C0-447B11639F63}.Debug|Any CPU.Build.0 = Debug|Any CPU
		{077F5680-BC5E-4E5A-88C0-447B11639F63}.Release|Any CPU.ActiveCfg = Release|Any CPU
		{077F5680-BC5E-4E5A-88C0-447B11639F63}.Release|Any CPU.Build.0 = Release|Any CPU
		{BEACCC5C-7778-4385-9CEA-3BDE4FB24ADF}.Debug|Any CPU.ActiveCfg = Debug|Any CPU
		{BEACCC5C-7778-4385-9CEA-3BDE4FB24ADF}.Debug|Any CPU.Build.0 = Debug|Any CPU
		{BEACCC5C-7778-4385-9CEA-3BDE4FB24ADF}.Release|Any CPU.ActiveCfg = Release|Any CPU
		{BEACCC5C-7778-4385-9CEA-3BDE4FB24ADF}.Release|Any CPU.Build.0 = Release|Any CPU
		{3A1F69C9-88A7-4B5C-9CE1-6E038B699726}.Debug|Any CPU.ActiveCfg = Debug|Any CPU
		{3A1F69C9-88A7-4B5C-9CE1-6E038B699726}.Debug|Any CPU.Build.0 = Debug|Any CPU
		{3A1F69C9-88A7-4B5C-9CE1-6E038B699726}.Release|Any CPU.ActiveCfg = Release|Any CPU
		{3A1F69C9-88A7-4B5C-9CE1-6E038B699726}.Release|Any CPU.Build.0 = Release|Any CPU
		{43BC1F10-BE68-4CE7-A941-8A9C538C70F7}.Debug|Any CPU.ActiveCfg = Debug|Any CPU
		{43BC1F10-BE68-4CE7-A941-8A9C538C70F7}.Debug|Any CPU.Build.0 = Debug|Any CPU
		{43BC1F10-BE68-4CE7-A941-8A9C538C70F7}.Release|Any CPU.ActiveCfg = Release|Any CPU
		{43BC1F10-BE68-4CE7-A941-8A9C538C70F7}.Release|Any CPU.Build.0 = Release|Any CPU
		{29CB239D-9B0B-4F40-88AD-0869C02453E1}.Debug|Any CPU.ActiveCfg = Debug|Any CPU
		{29CB239D-9B0B-4F40-88AD-0869C02453E1}.Debug|Any CPU.Build.0 = Debug|Any CPU
		{29CB239D-9B0B-4F40-88AD-0869C02453E1}.Release|Any CPU.ActiveCfg = Release|Any CPU
		{29CB239D-9B0B-4F40-88AD-0869C02453E1}.Release|Any CPU.Build.0 = Release|Any CPU
		{0A7E0631-B6DC-4FD9-BD0D-0BB8AA9209FA}.Debug|Any CPU.ActiveCfg = Debug|Any CPU
		{0A7E0631-B6DC-4FD9-BD0D-0BB8AA9209FA}.Debug|Any CPU.Build.0 = Debug|Any CPU
		{0A7E0631-B6DC-4FD9-BD0D-0BB8AA9209FA}.Release|Any CPU.ActiveCfg = Release|Any CPU
		{0A7E0631-B6DC-4FD9-BD0D-0BB8AA9209FA}.Release|Any CPU.Build.0 = Release|Any CPU
		{AF0E6250-181F-46B0-A480-DE0282DF0EFC}.Debug|Any CPU.ActiveCfg = Debug|Any CPU
		{AF0E6250-181F-46B0-A480-DE0282DF0EFC}.Debug|Any CPU.Build.0 = Debug|Any CPU
		{AF0E6250-181F-46B0-A480-DE0282DF0EFC}.Release|Any CPU.ActiveCfg = Release|Any CPU
		{AF0E6250-181F-46B0-A480-DE0282DF0EFC}.Release|Any CPU.Build.0 = Release|Any CPU
		{B1BAC81B-18B9-41FA-91D9-F9606E149E33}.Debug|Any CPU.ActiveCfg = Debug|Any CPU
		{B1BAC81B-18B9-41FA-91D9-F9606E149E33}.Debug|Any CPU.Build.0 = Debug|Any CPU
		{B1BAC81B-18B9-41FA-91D9-F9606E149E33}.Release|Any CPU.ActiveCfg = Release|Any CPU
		{B1BAC81B-18B9-41FA-91D9-F9606E149E33}.Release|Any CPU.Build.0 = Release|Any CPU
		{67C2B019-3CC3-4D2C-861B-DC5EE64562CA}.Debug|Any CPU.ActiveCfg = Debug|Any CPU
		{67C2B019-3CC3-4D2C-861B-DC5EE64562CA}.Debug|Any CPU.Build.0 = Debug|Any CPU
		{67C2B019-3CC3-4D2C-861B-DC5EE64562CA}.Release|Any CPU.ActiveCfg = Release|Any CPU
		{67C2B019-3CC3-4D2C-861B-DC5EE64562CA}.Release|Any CPU.Build.0 = Release|Any CPU
	EndGlobalSection
EndGlobal
